
Microsoft Visual Studio Solution File, Format Version 12.00
# Visual Studio Version 17
VisualStudioVersion = 17.10.35013.160
MinimumVisualStudioVersion = 10.0.40219.1
Project("{9A19103F-16F7-4668-BE54-9A1E7A4F7556}") = "Cool", "Cool.csproj", "{BCFE5409-132D-4D7C-8BB0-F54A5BFA4133}"
EndProject
Project("{FAE04EC0-301F-11D3-BF4B-00C04F79EFBC}") = "UnitTests", "..\UnitTests\UnitTests.csproj", "{D14D929A-EB36-4DD9-9515-2D14EAF0CDF8}"
EndProject
Global
	GlobalSection(SolutionConfigurationPlatforms) = preSolution
		Debug|Any CPU = Debug|Any CPU
		Release|Any CPU = Release|Any CPU
	EndGlobalSection
	GlobalSection(ProjectConfigurationPlatforms) = postSolution
		{BCFE5409-132D-4D7C-8BB0-F54A5BFA4133}.Debug|Any CPU.ActiveCfg = Debug|Any CPU
		{BCFE5409-132D-4D7C-8BB0-F54A5BFA4133}.Debug|Any CPU.Build.0 = Debug|Any CPU
		{BCFE5409-132D-4D7C-8BB0-F54A5BFA4133}.Release|Any CPU.ActiveCfg = Release|Any CPU
		{BCFE5409-132D-4D7C-8BB0-F54A5BFA4133}.Release|Any CPU.Build.0 = Release|Any CPU
		{D14D929A-EB36-4DD9-9515-2D14EAF0CDF8}.Debug|Any CPU.ActiveCfg = Debug|Any CPU
		{D14D929A-EB36-4DD9-9515-2D14EAF0CDF8}.Debug|Any CPU.Build.0 = Debug|Any CPU
		{D14D929A-EB36-4DD9-9515-2D14EAF0CDF8}.Release|Any CPU.ActiveCfg = Release|Any CPU
		{D14D929A-EB36-4DD9-9515-2D14EAF0CDF8}.Release|Any CPU.Build.0 = Release|Any CPU
	EndGlobalSection
	GlobalSection(SolutionProperties) = preSolution
		HideSolutionNode = FALSE
	EndGlobalSection
	GlobalSection(ExtensibilityGlobals) = postSolution
		SolutionGuid = {C1F03BC1-B180-497C-9322-C026C043740A}
	EndGlobalSection
EndGlobal
